{
  "name": "growthub-creative-video-pipeline-app",
  "version": "1.0.0",
  "lockfileVersion": 3,
  "requires": true,
  "packages": {
    "": {
      "name": "growthub-creative-video-pipeline-app",
      "version": "1.0.0",
      "dependencies": {
        "next": "16.2.4",
        "react": "^19.0.0",
        "react-dom": "^19.0.0"
      }
    }
  }
}
